
Microsoft Visual Studio Solution File, Format Version 12.00
# Visual Studio Version 17
VisualStudioVersion = 17.6.33815.320
MinimumVisualStudioVersion = 10.0.40219.1
Project("{9A19103F-16F7-4668-BE54-9A1E7A4F7556}") = "IdentityServer4.AuthServer", "IdentityServer4.AuthServer\IdentityServer4.AuthServer.csproj", "{F40B7F48-741F-432F-9B22-A240C3027D97}"
EndProject
Project("{9A19103F-16F7-4668-BE54-9A1E7A4F7556}") = "IdentityServer4.API", "IdentityServer4.API\IdentityServer4.API.csproj", "{24D6BA7A-D6D0-4253-8D6A-73AF6A173FC1}"
EndProject
Project("{9A19103F-16F7-4668-BE54-9A1E7A4F7556}") = "IdentityServer4.Client", "IdentityServer4.Client\IdentityServer4.Client.csproj", "{DADC3F9D-7CF9-4719-8C44-0BA476A37FC5}"
EndProject
Project("{2150E333-8FDC-42A3-9474-1A3956D46DE8}") = "IdentityServer4.Core", "IdentityServer4.Core", "{68A2157B-07DC-4682-97FF-954FBA2300ED}"
EndProject
Project("{2150E333-8FDC-42A3-9474-1A3956D46DE8}") = "IdentityServer4.Persistence", "IdentityServer4.Persistence", "{2E03186E-9283-4E30-B2F3-D697834C093C}"
EndProject
Project("{2150E333-8FDC-42A3-9474-1A3956D46DE8}") = "IdentityServer4.Infrastructure", "IdentityServer4.Infrastructure", "{652D3856-D115-4C17-B004-558C7D85627F}"
EndProject
Project("{2150E333-8FDC-42A3-9474-1A3956D46DE8}") = "IdentityServer4.Presentation", "IdentityServer4.Presentation", "{4BA56983-6FCB-4EC6-957F-459DB6CA25E4}"
EndProject
Project("{FAE04EC0-301F-11D3-BF4B-00C04F79EFBC}") = "IdentityServer4.Repository", "IdentityServer4.Repository\IdentityServer4.Repository.csproj", "{56E815C9-6981-4CF0-A9B1-50633F65C122}"
EndProject
Project("{FAE04EC0-301F-11D3-BF4B-00C04F79EFBC}") = "IdentityServer4.Domain", "IdentityServer4.Domain\IdentityServer4.Domain.csproj", "{DD9EB522-AC2D-49C3-B593-8634256D055C}"
EndProject
Project("{FAE04EC0-301F-11D3-BF4B-00C04F79EFBC}") = "IdentityServer4.Infrastructure", "IdentityServer4.Infrastructure\IdentityServer4.Infrastructure.csproj", "{FAD3FA42-E53E-4BD8-AEB7-4033B6C0FB40}"
EndProject
Project("{FAE04EC0-301F-11D3-BF4B-00C04F79EFBC}") = "IdentityServer4.Persistence", "IdentityServer4.Persistence\IdentityServer4.Persistence.csproj", "{4339766F-AD1E-4F63-B5CF-D43AC254C22F}"
EndProject
Global
	GlobalSection(SolutionConfigurationPlatforms) = preSolution
		Debug|Any CPU = Debug|Any CPU
		Release|Any CPU = Release|Any CPU
	EndGlobalSection
	GlobalSection(ProjectConfigurationPlatforms) = postSolution
		{F40B7F48-741F-432F-9B22-A240C3027D97}.Debug|Any CPU.ActiveCfg = Debug|Any CPU
		{F40B7F48-741F-432F-9B22-A240C3027D97}.Debug|Any CPU.Build.0 = Debug|Any CPU
		{F40B7F48-741F-432F-9B22-A240C3027D97}.Release|Any CPU.ActiveCfg = Release|Any CPU
		{F40B7F48-741F-432F-9B22-A240C3027D97}.Release|Any CPU.Build.0 = Release|Any CPU
		{24D6BA7A-D6D0-4253-8D6A-73AF6A173FC1}.Debug|Any CPU.ActiveCfg = Debug|Any CPU
		{24D6BA7A-D6D0-4253-8D6A-73AF6A173FC1}.Debug|Any CPU.Build.0 = Debug|Any CPU
		{24D6BA7A-D6D0-4253-8D6A-73AF6A173FC1}.Release|Any CPU.ActiveCfg = Release|Any CPU
		{24D6BA7A-D6D0-4253-8D6A-73AF6A173FC1}.Release|Any CPU.Build.0 = Release|Any CPU
		{DADC3F9D-7CF9-4719-8C44-0BA476A37FC5}.Debug|Any CPU.ActiveCfg = Debug|Any CPU
		{DADC3F9D-7CF9-4719-8C44-0BA476A37FC5}.Debug|Any CPU.Build.0 = Debug|Any CPU
		{DADC3F9D-7CF9-4719-8C44-0BA476A37FC5}.Release|Any CPU.ActiveCfg = Release|Any CPU
		{DADC3F9D-7CF9-4719-8C44-0BA476A37FC5}.Release|Any CPU.Build.0 = Release|Any CPU
		{56E815C9-6981-4CF0-A9B1-50633F65C122}.Debug|Any CPU.ActiveCfg = Debug|Any CPU
		{56E815C9-6981-4CF0-A9B1-50633F65C122}.Debug|Any CPU.Build.0 = Debug|Any CPU
		{56E815C9-6981-4CF0-A9B1-50633F65C122}.Release|Any CPU.ActiveCfg = Release|Any CPU
		{56E815C9-6981-4CF0-A9B1-50633F65C122}.Release|Any CPU.Build.0 = Release|Any CPU
		{DD9EB522-AC2D-49C3-B593-8634256D055C}.Debug|Any CPU.ActiveCfg = Debug|Any CPU
		{DD9EB522-AC2D-49C3-B593-8634256D055C}.Debug|Any CPU.Build.0 = Debug|Any CPU
		{DD9EB522-AC2D-49C3-B593-8634256D055C}.Release|Any CPU.ActiveCfg = Release|Any CPU
		{DD9EB522-AC2D-49C3-B593-8634256D055C}.Release|Any CPU.Build.0 = Release|Any CPU
		{FAD3FA42-E53E-4BD8-AEB7-4033B6C0FB40}.Debug|Any CPU.ActiveCfg = Debug|Any CPU
		{FAD3FA42-E53E-4BD8-AEB7-4033B6C0FB40}.Debug|Any CPU.Build.0 = Debug|Any CPU
		{FAD3FA42-E53E-4BD8-AEB7-4033B6C0FB40}.Release|Any CPU.ActiveCfg = Release|Any CPU
		{FAD3FA42-E53E-4BD8-AEB7-4033B6C0FB40}.Release|Any CPU.Build.0 = Release|Any CPU
		{4339766F-AD1E-4F63-B5CF-D43AC254C22F}.Debug|Any CPU.ActiveCfg = Debug|Any CPU
		{4339766F-AD1E-4F63-B5CF-D43AC254C22F}.Debug|Any CPU.Build.0 = Debug|Any CPU
		{4339766F-AD1E-4F63-B5CF-D43AC254C22F}.Release|Any CPU.ActiveCfg = Release|Any CPU
		{4339766F-AD1E-4F63-B5CF-D43AC254C22F}.Release|Any CPU.Build.0 = Release|Any CPU
	EndGlobalSection
	GlobalSection(SolutionProperties) = preSolution
		HideSolutionNode = FALSE
	EndGlobalSection
	GlobalSection(NestedProjects) = preSolution
		{56E815C9-6981-4CF0-A9B1-50633F65C122} = {68A2157B-07DC-4682-97FF-954FBA2300ED}
		{DD9EB522-AC2D-49C3-B593-8634256D055C} = {68A2157B-07DC-4682-97FF-954FBA2300ED}
		{FAD3FA42-E53E-4BD8-AEB7-4033B6C0FB40} = {652D3856-D115-4C17-B004-558C7D85627F}
		{4339766F-AD1E-4F63-B5CF-D43AC254C22F} = {2E03186E-9283-4E30-B2F3-D697834C093C}
	EndGlobalSection
	GlobalSection(ExtensibilityGlobals) = postSolution
		SolutionGuid = {7E47E5BB-30A1-4868-9A5A-DE15D7C14090}
	EndGlobalSection
EndGlobal
